
Microsoft Visual Studio Solution File, Format Version 12.00
# Visual Studio Version 17
VisualStudioVersion = 17.5.33530.505
MinimumVisualStudioVersion = 10.0.40219.1
Project("{FAE04EC0-301F-11D3-BF4B-00C04F79EFBC}") = "analizador recursivo descendente", "analizador recursivo descendente\analizador recursivo descendente.csproj", "{6E805BF3-1052-4969-A5BB-1D6787BEA8D5}"
EndProject
Global
	GlobalSection(SolutionConfigurationPlatforms) = preSolution
		Debug|Any CPU = Debug|Any CPU
		Release|Any CPU = Release|Any CPU
	EndGlobalSection
	GlobalSection(ProjectConfigurationPlatforms) = postSolution
		{6E805BF3-1052-4969-A5BB-1D6787BEA8D5}.Debug|Any CPU.ActiveCfg = Debug|Any CPU
		{6E805BF3-1052-4969-A5BB-1D6787BEA8D5}.Debug|Any CPU.Build.0 = Debug|Any CPU
		{6E805BF3-1052-4969-A5BB-1D6787BEA8D5}.Release|Any CPU.ActiveCfg = Release|Any CPU
		{6E805BF3-1052-4969-A5BB-1D6787BEA8D5}.Release|Any CPU.Build.0 = Release|Any CPU
	EndGlobalSection
	GlobalSection(SolutionProperties) = preSolution
		HideSolutionNode = FALSE
	EndGlobalSection
	GlobalSection(ExtensibilityGlobals) = postSolution
		SolutionGuid = {1E91FC3E-F9F4-4720-9B73-2AA9F5ED2948}
	EndGlobalSection
EndGlobal
